
Microsoft Visual Studio Solution File, Format Version 12.00
# Visual Studio Version 17
VisualStudioVersion = 17.7.34024.191
MinimumVisualStudioVersion = 10.0.40219.1
Project("{FAE04EC0-301F-11D3-BF4B-00C04F79EFBC}") = "Member Registration Portal .Net", "Member Registration Portal .Net\Member Registration Portal .Net.csproj", "{5312AC24-EC71-418C-960F-27657C61C652}"
EndProject
Project("{FAE04EC0-301F-11D3-BF4B-00C04F79EFBC}") = "CommonLayer", "CommonLayer\CommonLayer.csproj", "{F832C6FF-588A-4C8E-A598-25B83BE0C9BE}"
EndProject
Project("{FAE04EC0-301F-11D3-BF4B-00C04F79EFBC}") = "ServiceLayer", "ServiceLayer\ServiceLayer.csproj", "{54EC2E78-7BDD-4069-8947-9C737DDB28F5}"
EndProject
Project("{FAE04EC0-301F-11D3-BF4B-00C04F79EFBC}") = "RepositoryLayer", "RepositoryLayer\RepositoryLayer.csproj", "{97CFA745-5229-4B9A-A73A-7289A0A66E9D}"
EndProject
Global
	GlobalSection(SolutionConfigurationPlatforms) = preSolution
		Debug|Any CPU = Debug|Any CPU
		Release|Any CPU = Release|Any CPU
	EndGlobalSection
	GlobalSection(ProjectConfigurationPlatforms) = postSolution
		{5312AC24-EC71-418C-960F-27657C61C652}.Debug|Any CPU.ActiveCfg = Debug|Any CPU
		{5312AC24-EC71-418C-960F-27657C61C652}.Debug|Any CPU.Build.0 = Debug|Any CPU
		{5312AC24-EC71-418C-960F-27657C61C652}.Release|Any CPU.ActiveCfg = Release|Any CPU
		{5312AC24-EC71-418C-960F-27657C61C652}.Release|Any CPU.Build.0 = Release|Any CPU
		{F832C6FF-588A-4C8E-A598-25B83BE0C9BE}.Debug|Any CPU.ActiveCfg = Debug|Any CPU
		{F832C6FF-588A-4C8E-A598-25B83BE0C9BE}.Debug|Any CPU.Build.0 = Debug|Any CPU
		{F832C6FF-588A-4C8E-A598-25B83BE0C9BE}.Release|Any CPU.ActiveCfg = Release|Any CPU
		{F832C6FF-588A-4C8E-A598-25B83BE0C9BE}.Release|Any CPU.Build.0 = Release|Any CPU
		{54EC2E78-7BDD-4069-8947-9C737DDB28F5}.Debug|Any CPU.ActiveCfg = Debug|Any CPU
		{54EC2E78-7BDD-4069-8947-9C737DDB28F5}.Debug|Any CPU.Build.0 = Debug|Any CPU
		{54EC2E78-7BDD-4069-8947-9C737DDB28F5}.Release|Any CPU.ActiveCfg = Release|Any CPU
		{54EC2E78-7BDD-4069-8947-9C737DDB28F5}.Release|Any CPU.Build.0 = Release|Any CPU
		{97CFA745-5229-4B9A-A73A-7289A0A66E9D}.Debug|Any CPU.ActiveCfg = Debug|Any CPU
		{97CFA745-5229-4B9A-A73A-7289A0A66E9D}.Debug|Any CPU.Build.0 = Debug|Any CPU
		{97CFA745-5229-4B9A-A73A-7289A0A66E9D}.Release|Any CPU.ActiveCfg = Release|Any CPU
		{97CFA745-5229-4B9A-A73A-7289A0A66E9D}.Release|Any CPU.Build.0 = Release|Any CPU
	EndGlobalSection
	GlobalSection(SolutionProperties) = preSolution
		HideSolutionNode = FALSE
	EndGlobalSection
	GlobalSection(ExtensibilityGlobals) = postSolution
		SolutionGuid = {1C818DD5-189B-441A-AC82-30C417574F25}
	EndGlobalSection
EndGlobal
